{
    "_meta": {
        "hash": {
            "sha256": "019b1442b788a079e895c7ec77ec43e3cadb500999d619197505203ea1d27d04"
        },
        "pipfile-spec": 6,
        "requires": {
            "python_version": "3.9"
        },
        "sources": [
            {
                "name": "pypi",
                "url": "https://pypi.org/simple",
                "verify_ssl": true
            }
        ]
    },
    "default": {
        "attrs": {
            "hashes": [
                "sha256:2d27e3784d7a565d36ab851fe94887c5eccd6a463168875832a1be79c82828b4",
                "sha256:626ba8234211db98e869df76230a137c4c40a12d72445c45d5f5b716f076e2fd"
            ],
            "markers": "python_version >= '2.7' and python_version not in '3.0, 3.1, 3.2, 3.3, 3.4'",
            "version": "==21.4.0"
        },
        "aws-cdk.assets": {
            "hashes": [
                "sha256:6b766e51f823d68d2882d8dfe45f4199b5666a7a72283916bbf00721053587a6",
                "sha256:c4012dc593130b5059e35986378cd53ffa4114735b5415c9237125aedc08750c"
            ],
            "markers": "python_version ~= '3.7'",
            "version": "==1.157.0"
        },
        "aws-cdk.aws-acmpca": {
            "hashes": [
                "sha256:51fd795ced315b5f352ebf01699039e8c6c596136dfe3da6244016243e16be1d",
                "sha256:b717ad48e0644b88975a94875d7cefead1f944a6d189faa195a7846becd932cd"
            ],
            "markers": "python_version ~= '3.7'",
            "version": "==1.157.0"
        },
        "aws-cdk.aws-apigateway": {
            "hashes": [
                "sha256:26a519f1f1c2ac4544757acb53b35881080dc56b99f86512c544ea6c43c4f324",
                "sha256:e23a04f55ae8a6269c25baf33a344c316292cef26d3ea5ff07bdde429c77eece"
            ],
            "index": "pypi",
            "version": "==1.157.0"
        },
        "aws-cdk.aws-applicationautoscaling": {
            "hashes": [
                "sha256:1a5f65909cad63910b88b3558bfe5a03fda2d4f7af99d70d8b9c53a9a2940708",
                "sha256:9ac7ad3cdaf2d35f8848554918c40d33d8f9ce40d4f251e99cbed16a73e64816"
            ],
            "markers": "python_version ~= '3.7'",
            "version": "==1.157.0"
        },
        "aws-cdk.aws-autoscaling": {
            "hashes": [
                "sha256:41942c172abf9a0dc95d67aa85739c85b09f7841986fceee61ab9f12e3030a93",
                "sha256:a9fc6fcfd159d540131c2a6de775237cc6d2de758c41d71d6833a5f341f87e1e"
            ],
            "markers": "python_version ~= '3.7'",
            "version": "==1.157.0"
        },
        "aws-cdk.aws-autoscaling-common": {
            "hashes": [
                "sha256:c922247ab75549c308e8ec3bca1d76a0a4c7125da6d187fe4c086be775d81d0f",
                "sha256:f36ef4986b52602d314f3a6952e1b0be3641e03ecbe2b9f6b23d05e86febc568"
            ],
            "markers": "python_version ~= '3.7'",
            "version": "==1.157.0"
        },
        "aws-cdk.aws-autoscaling-hooktargets": {
            "hashes": [
                "sha256:35eb94717c91ce30c5a28e27a370d613e424de03c59e7b5c2f68def74fd63d2e",
                "sha256:97c1fc7aa249d2cf15a7b2f39f7e372786ecb36ee5b72152789cd19c79225b76"
            ],
            "markers": "python_version ~= '3.7'",
            "version": "==1.157.0"
        },
        "aws-cdk.aws-certificatemanager": {
            "hashes": [
                "sha256:3786332fbf6d5b5cc82142de283a71cd8a5cbe528ac0ad5ec331b41ba279860b",
                "sha256:509fcf7e6ea9be9bb721e444c63e1b12966ea0b621c951f5e1c1afaf3f174235"
            ],
            "markers": "python_version ~= '3.7'",
            "version": "==1.157.0"
        },
        "aws-cdk.aws-cloudformation": {
            "hashes": [
                "sha256:09e710649a94ba3941fcc7dd507a953962f084a8fef93284ebafdfd5dac8a50b",
                "sha256:186898a307e7ad6f6d47e227475ab84d0e932c2edff994017329326a08ef92b4"
            ],
            "markers": "python_version ~= '3.7'",
            "version": "==1.157.0"
        },
        "aws-cdk.aws-cloudfront": {
            "hashes": [
                "sha256:25ba12b0141277b14b117d99fb0d69394d244eae07674eeb77e4265e512595cd",
                "sha256:4bf807b9ce4954b8caf1b5e440d42dc9d727ce51bc622ff2c83fced133ce3c6b"
            ],
            "markers": "python_version ~= '3.7'",
            "version": "==1.157.0"
        },
        "aws-cdk.aws-cloudwatch": {
            "hashes": [
                "sha256:1377177f17ec94a2cba25959147db5321cb6cf563ac4a7aea8a8eced590908e5",
                "sha256:c88419f8a2205f9419d315c05a290de9cf942e20f16f811bf0e0c5e9991beceb"
            ],
            "markers": "python_version ~= '3.7'",
            "version": "==1.157.0"
        },
        "aws-cdk.aws-codebuild": {
            "hashes": [
                "sha256:198016dd686f006703cdc7b69fca31863efe4f4b3156562752db5bf09c443868",
                "sha256:466ed6f8c8376974830156ef6f49ce9698e5604d3a6fdd005739c3449921f3a9"
            ],
            "markers": "python_version ~= '3.7'",
            "version": "==1.157.0"
        },
        "aws-cdk.aws-codecommit": {
            "hashes": [
                "sha256:2d2b021fdbf520395432dc884148931c90cc8253efb5cb4576fea115e543db53",
                "sha256:af85b579965d71828176c0a114acc8ac84320895fb1ddd0d21a3bd75efdfd4dc"
            ],
            "markers": "python_version ~= '3.7'",
            "version": "==1.157.0"
        },
        "aws-cdk.aws-codeguruprofiler": {
            "hashes": [
                "sha256:2328e2ca01f0bc72ac2e0c3d67dad1ebc7f20d6bb046c223febb8ba48cf85dc8",
                "sha256:df08aefa748c7305de41ea1f399e1eeb1113022df4ac722d447ac0e6a3f8b80e"
            ],
            "markers": "python_version ~= '3.7'",
            "version": "==1.157.0"
        },
        "aws-cdk.aws-codepipeline": {
            "hashes": [
                "sha256:cc2bcb895a393288851ccf5fc2562eb5e1804299a369bc3176bcf14076da323f",
                "sha256:d9e04619f5a98d1724fa57089b315523312eaf3020747fdf5e602493ea02d307"
            ],
            "markers": "python_version ~= '3.7'",
            "version": "==1.157.0"
        },
        "aws-cdk.aws-codestarnotifications": {
            "hashes": [
                "sha256:4cfa6df120a55341d6e14b1bfcdb1d785fac713ae2432a4f4fd7239e125d1a2a",
                "sha256:75accb26aa89aeda045d483626bdd80f7e7d687bc057ba77d84578234040f880"
            ],
            "markers": "python_version ~= '3.7'",
            "version": "==1.157.0"
        },
        "aws-cdk.aws-cognito": {
            "hashes": [
                "sha256:3c87245528d243acdd06feb9152a1bbce6f7fb42b4babe94fd7faa9070dc399a",
                "sha256:9f767cbfd4d240ce863d111f9054c6db5b730d225be6c3465dd37cec7b0360c0"
            ],
            "index": "pypi",
            "version": "==1.157.0"
        },
        "aws-cdk.aws-dynamodb": {
            "hashes": [
                "sha256:2871239e4d57356f3bc2ad0db428fa9d421af9c1dcfee7410ddcb7fa2d43e1ea",
                "sha256:62944094dfdb440e6bee6bd8a74758e4929aa10cc094395e8f10673fcefcd794"
            ],
            "index": "pypi",
            "version": "==1.157.0"
        },
        "aws-cdk.aws-ec2": {
            "hashes": [
                "sha256:16682bf71cc449efb0321d22be5a8c7c41e8cd27c7233b375758d43063b1b25d",
                "sha256:2284c44754c855338a89424044962f497dc6978291b0fcb578ce14e3b554e618"
            ],
            "markers": "python_version ~= '3.7'",
            "version": "==1.157.0"
        },
        "aws-cdk.aws-ecr": {
            "hashes": [
                "sha256:3571680ce07410e99c4c87484ad27fbeb739de53f839bbea8a1063909c768d4a",
                "sha256:492fa5a17b3e8a5aa97b0eeac1d000f1c84754e16e13784c4fe1763720589bf6"
            ],
            "index": "pypi",
            "version": "==1.157.0"
        },
        "aws-cdk.aws-ecr-assets": {
            "hashes": [
                "sha256:b5a97643cf01c1ecb4fca841730b2311ad386e824043e4e753631a8e500e56a6",
                "sha256:fee8c81485ce1e34c63d22ad22f9218d58165d833ac34e2f7523b2707aa21924"
            ],
            "markers": "python_version ~= '3.7'",
            "version": "==1.157.0"
        },
        "aws-cdk.aws-ecs": {
            "hashes": [
                "sha256:70f4e338253e0455a0af4613795d34b2d14b0bd023f2b6a6a73589632155c52c",
                "sha256:cd6b61548c8c8386c2ce023906f5cfb9fa7b0dc5bdfeb4689f069b0d7258d0e6"
            ],
            "index": "pypi",
            "version": "==1.157.0"
        },
        "aws-cdk.aws-efs": {
            "hashes": [
                "sha256:7193224bfbe759724aaff6dd5f0d96855752cbd12222ed745677539ada3e2e36",
                "sha256:7d59dfb7614d3876ed02590b9bfc769f7037327dcb03b87f832aae718d1bb6e1"
            ],
            "markers": "python_version ~= '3.7'",
            "version": "==1.157.0"
        },
        "aws-cdk.aws-elasticloadbalancing": {
            "hashes": [
                "sha256:7595cc7a7b6d8db8779695cc959a50bf743db288ddca53266180202726444340",
                "sha256:c9102e26eee78b2351d17413faf02e42391808398d4b2f9041229b81737f7e32"
            ],
            "markers": "python_version ~= '3.7'",
            "version": "==1.157.0"
        },
        "aws-cdk.aws-elasticloadbalancingv2": {
            "hashes": [
                "sha256:4996e9c267a8cee0e59e916325ca7ff3b19f41e84a96d3abe09f04efebafab06",
                "sha256:faba6b0fadca4439f0d29d5efc026c8a6501931d4755653db6f999e02f450506"
            ],
            "markers": "python_version ~= '3.7'",
            "version": "==1.157.0"
        },
        "aws-cdk.aws-events": {
            "hashes": [
                "sha256:3da69159db180d7fcabfb418abc9d67210431b56261560183ca1cac823f5d285",
                "sha256:913336fdab20c33adcdee0029254c29ff855ee717769eb4ccefa92b10b156a75"
            ],
            "index": "pypi",
            "version": "==1.157.0"
        },
        "aws-cdk.aws-events-targets": {
            "hashes": [
                "sha256:6e843f656710e896720780c50303808a5c65ba16f145b83e276f3e6ea1abf02b",
                "sha256:f605bffc0be373b79653b3d08ddfb24f7f5b172c300a3f21ea8d41d0ee75e679"
            ],
            "index": "pypi",
            "version": "==1.157.0"
        },
        "aws-cdk.aws-globalaccelerator": {
            "hashes": [
                "sha256:09a18da54a403fa8186e53d6dd47c88a9c5ba4918a23f780cdf7f3a8dbf61ebe",
                "sha256:2f05c88ac337920040b2f5f40317f95cca7e769f6378836c40ec0a53fa736ccf"
            ],
            "markers": "python_version ~= '3.7'",
            "version": "==1.157.0"
        },
        "aws-cdk.aws-iam": {
            "hashes": [
                "sha256:4df1c6e5e8278a12c65cdbb466f9fd60d460c0b1e876123c07dbce93be4542c9",
                "sha256:7cfae784b19d28360152952aef6ebb360e6471ae0666cc26d9b1d3e51f352ca0"
            ],
            "index": "pypi",
            "version": "==1.157.0"
        },
        "aws-cdk.aws-kinesis": {
            "hashes": [
                "sha256:560b2db50ffcad8f8cd26cbe6e7643cad11a0b553b44878280f98afdd97503d8",
                "sha256:ad525396dac0ff53db200700d2a5a4424d1e9b4f9c8804e7502a8f4c32145bdb"
            ],
            "markers": "python_version ~= '3.7'",
            "version": "==1.157.0"
        },
        "aws-cdk.aws-kinesisfirehose": {
            "hashes": [
                "sha256:0c6c5de717fc99951b19a9c0157d4805031d26f6b01bea2a2ce2ccc83b0f1867",
                "sha256:333af2615bdcda0a1540e3ab787635ca362e383b4e42044e551f41350f8a2dd8"
            ],
            "markers": "python_version ~= '3.7'",
            "version": "==1.157.0"
        },
        "aws-cdk.aws-kms": {
            "hashes": [
                "sha256:2e4c40e3fc47d379ac22094e96c6f2343b52f4753f687d286316b792e1e65ed0",
                "sha256:d18f15832add96a3060f03a479ab2f92edc0c87abe4bb1a707a7642c3b99b006"
            ],
            "index": "pypi",
            "version": "==1.157.0"
        },
        "aws-cdk.aws-lambda": {
            "hashes": [
                "sha256:23850726bb601a41380061e1b8e4672494bcd93a92a5fd4e1f23700b76de4c8e",
                "sha256:3cd570a5cb66d2d9f7fd0830c22e834a312ebbbf67f350df99d02b73df5602b1"
            ],
            "index": "pypi",
            "version": "==1.157.0"
        },
        "aws-cdk.aws-logs": {
            "hashes": [
                "sha256:70c7b2d040bead4a64b8e677972c0baa59f7e9753d7c833b68749c35db335628",
                "sha256:da9fc3211bb5c95c8647f34e0db660a61594286199f6e035347255dbc638ff45"
            ],
            "markers": "python_version ~= '3.7'",
            "version": "==1.157.0"
        },
        "aws-cdk.aws-rds": {
            "hashes": [
                "sha256:8601bd83797ed642070f2b84e90b40af979e9cd2e4143246de2223ab4e818c5d",
                "sha256:92d85506da0ae924eaf935bd7446c3e2cc937ebd9db473f765cd59dc3088c806"
            ],
            "index": "pypi",
            "version": "==1.157.0"
        },
        "aws-cdk.aws-route53": {
            "hashes": [
                "sha256:03d1fb9bb8433201f5cdebbc6b80dc37d8ef7099b3267f7b4985df9e268caec7",
                "sha256:0dd46d0aaffddefe726ed543e036a61cb2ba36d20b3b13d4e29b60206a5b69e4"
            ],
            "markers": "python_version ~= '3.7'",
            "version": "==1.157.0"
        },
        "aws-cdk.aws-route53-targets": {
            "hashes": [
                "sha256:46af807e1393f002044838a48beadf025c93e700988fa00308874f52821f3218",
                "sha256:efe2978473df764e6ad74f6b1f875cc879e18cbf481aea8b6f2b44999ad86535"
            ],
            "markers": "python_version ~= '3.7'",
            "version": "==1.157.0"
        },
        "aws-cdk.aws-s3": {
            "hashes": [
                "sha256:b5db4c6b740d3bab3a0c8f57e167c18cbafc8c3ee6cffbe05461fc8ab54d2d98",
                "sha256:f5f451c56bdd31df89fc52187fa64cfc5a27c0011f21ec63997d12fc9b06889e"
            ],
            "index": "pypi",
            "version": "==1.157.0"
        },
        "aws-cdk.aws-s3-assets": {
            "hashes": [
                "sha256:742460fb131c8dabf004d0657bf90f2aa21e51271cf57d73b788939ce8e48b16",
                "sha256:b79b9cd7b33c258dd6af2f74f13db02ea2a62ef3e95a6632672f8d6309656a6a"
            ],
            "markers": "python_version ~= '3.7'",
            "version": "==1.157.0"
        },
        "aws-cdk.aws-sam": {
            "hashes": [
                "sha256:93b8cdc56eaf3f4b980ab4fed4627d78e9baaa9864f5e3efdc8a4d1ce426e89e",
                "sha256:c02b5ada8230d34ab4399bebab7d7f2e6a81cf9d5819223c367a654d9afd72a7"
            ],
            "markers": "python_version ~= '3.7'",
            "version": "==1.157.0"
        },
        "aws-cdk.aws-secretsmanager": {
            "hashes": [
                "sha256:6fe3255878082e5935b4b8749aea49228aab7ea32d5023658bd5abce186d0f11",
                "sha256:ba102d3dee18cbdb1a8d8487512bd36547435d22063fa097f41c077ef84d7cd6"
            ],
            "markers": "python_version ~= '3.7'",
            "version": "==1.157.0"
        },
        "aws-cdk.aws-servicediscovery": {
            "hashes": [
                "sha256:04ffe52bc9f76006faa1f7296d7c91f15bb30ade877043b851d4daeb25eca557",
                "sha256:c255a4d16e38fe13cc56700a3dbf5b9512a450fe105059d0bb9e2f1806226b9d"
            ],
            "markers": "python_version ~= '3.7'",
            "version": "==1.157.0"
        },
        "aws-cdk.aws-signer": {
            "hashes": [
                "sha256:a68aa2d5f30c9e470197eabfd46d8b716731a51bd30dda045a8e960496599fea",
                "sha256:cf68dc72152d772d30d4b4cd3e1a465c82396e4885ba31c778a15eab0ba16e66"
            ],
            "markers": "python_version ~= '3.7'",
            "version": "==1.157.0"
        },
        "aws-cdk.aws-sns": {
            "hashes": [
                "sha256:7656acb8c88dd190c8176d8c5dc45a5a35010b292bd5fc6c1be0173ecb967315",
                "sha256:ab6c8d03cea097c975c7646daad2e89a1f75d4cbb38b55fe6fdf64159e1f27ee"
            ],
            "index": "pypi",
            "version": "==1.157.0"
        },
        "aws-cdk.aws-sns-subscriptions": {
            "hashes": [
                "sha256:4cbf3eeede6f90b739059867758dba09fb36b3b7f2fe78253c4227902c95f209",
                "sha256:973ee800a88de997cf4d9e1064090e9caa92cb39de7caabd8927af783b21febd"
            ],
            "markers": "python_version ~= '3.7'",
            "version": "==1.157.0"
        },
        "aws-cdk.aws-sqs": {
            "hashes": [
                "sha256:50fa5753fd5e8822028d0b7a69953d6e935257dd7eca4f1d1ec1cf3dd1931398",
                "sha256:faf59ded23fb63ceec2c5280b4137882b4f2d336c9cbe86e125bfab0f63f7c92"
            ],
            "index": "pypi",
            "version": "==1.157.0"
        },
        "aws-cdk.aws-ssm": {
            "hashes": [
                "sha256:6ed803ec616b7daaa6c88c2a0e91f15129bbbb87ec9bd723fbd55c790c27fe08",
                "sha256:adff37ab29ea8f416b8ea282041815c3102d6e10fb0a0d1af9dff122b8100681"
            ],
            "markers": "python_version ~= '3.7'",
            "version": "==1.157.0"
        },
        "aws-cdk.aws-stepfunctions": {
            "hashes": [
                "sha256:9aa9c81cd3fa0a63915a62a0cb71bb867cae8b8d93187f73c43ae9c184162e8c",
                "sha256:bd2f036422bafc4f155f8813fbc18b775daed2a92cad8d714142d78191af1ebf"
            ],
            "markers": "python_version ~= '3.7'",
            "version": "==1.157.0"
        },
        "aws-cdk.cloud-assembly-schema": {
            "hashes": [
                "sha256:699d486572ea2331bf61deb077f75070b490b523406d0e203372e2bf2ae31d15",
                "sha256:9b08e03279b71a314bfd591a79f1df2ac0abd24a2d82f9a6c7d1a5aa4648e691"
            ],
            "markers": "python_version ~= '3.7'",
            "version": "==1.157.0"
        },
        "aws-cdk.core": {
            "hashes": [
                "sha256:61cbb6871fb6e7ce6b8082905a81ea9f33f8255a927e8bcfa1a097537bc644a3",
                "sha256:6b1ad03cdfa9e2ccc0935df4788d9dfcfb291219eeca397439a03345c62d5192"
            ],
            "index": "pypi",
            "version": "==1.157.0"
        },
        "aws-cdk.custom-resources": {
            "hashes": [
                "sha256:3e7001ba0b70294af79249e773086b75465ca64142563c2ac7a8ac30ded58e34",
                "sha256:d4586907dc4deb1f294b1586eac50c610ffa217fe378e0773d20efd57baff3da"
            ],
            "markers": "python_version ~= '3.7'",
            "version": "==1.157.0"
        },
        "aws-cdk.cx-api": {
            "hashes": [
                "sha256:59535409a12db801fa2e17e9903104dbc62667c5f31af2bba6d911d979795c5f",
                "sha256:d75a90dd4fb41b78be1f4c78f4126d4f468ff037093292e17a86f545576ffb74"
            ],
            "markers": "python_version ~= '3.7'",
            "version": "==1.157.0"
        },
        "aws-cdk.region-info": {
            "hashes": [
                "sha256:43e6edc3d2c02ddfe697c8fa09ca67732dd8322a7c76e92722dcf34332c0326a",
                "sha256:c125bd2a5855dda669cf0d872183e9aca8fb74e994d3ca2cdf680b818540ab9b"
            ],
            "markers": "python_version ~= '3.7'",
            "version": "==1.157.0"
        },
        "cattrs": {
            "hashes": [
                "sha256:94b67b64cf92c994f8784c40c082177dc916e0489a73a9a36b24eb18a9db40c6",
                "sha256:d55c477b4672f93606e992049f15d526dc7867e6c756cd6256d4af92e2b1e364"
            ],
            "markers": "python_version >= '3.7' and python_version < '4.0'",
            "version": "==22.1.0"
        },
        "constructs": {
            "hashes": [
                "sha256:002081b41e4b71d6eccba125acc53d26153d2abe81842dd2d021d54b451bd059",
                "sha256:19067a0a4946659340e81358e77c6aa2ded908038e936f75d070307b18b95ddd"
            ],
            "markers": "python_version ~= '3.7'",
            "version": "==3.4.18"
        },
        "exceptiongroup": {
            "hashes": [
                "sha256:2019e6e9d6ef84ff65c5c7c451b75802c662d53bcb124abf47ad118d39f9a1ca",
                "sha256:82dc1cfc21bb5f921a25925e80ec696c71b7d108c6c63bd8a786abe2b73c3263"
            ],
            "markers": "python_version < '3.11'",
            "version": "==1.0.0rc7"
        },
        "jsii": {
            "hashes": [
                "sha256:6a9f587cdc1b03129375f9faed876d864383d2b341471c1296a0040622fe938a",
                "sha256:d7ea32e1d6c8aa597be7ecf10eb0e05355db60e6ca986f82dab3fb5aa52d914f"
            ],
            "markers": "python_version ~= '3.7'",
            "version": "==1.59.0"
        },
        "publication": {
            "hashes": [
                "sha256:0248885351febc11d8a1098d5c8e3ab2dabcf3e8c0c96db1e17ecd12b53afbe6",
                "sha256:68416a0de76dddcdd2930d1c8ef853a743cc96c82416c4e4d3b5d901c6276dc4"
            ],
            "version": "==0.0.3"
        },
        "python-dateutil": {
            "hashes": [
                "sha256:0123cacc1627ae19ddf3c27a5de5bd67ee4586fbdd6440d9748f8abb483d3e86",
                "sha256:961d03dc3453ebbc59dbdea9e4e11c5651520a876d0f4db161e8674aae935da9"
            ],
            "markers": "python_version >= '2.7' and python_version not in '3.0, 3.1, 3.2, 3.3'",
            "version": "==2.8.2"
        },
        "six": {
            "hashes": [
                "sha256:1e61c37477a1626458e36f7b1d82aa5c9b094fa4802892072e49de9c60c4c926",
                "sha256:8abb2f1d86890a2dfb989f9a77cfcfd3e47c2a354b01111771326f8aa26e0254"
            ],
            "markers": "python_version >= '2.7' and python_version not in '3.0, 3.1, 3.2, 3.3'",
            "version": "==1.16.0"
        },
        "typing-extensions": {
            "hashes": [
                "sha256:6657594ee297170d19f67d55c05852a874e7eb634f4f753dbd667855e07c1708",
                "sha256:f1c24655a0da0d1b67f07e17a5e6b2a105894e6824b92096378bb3668ef02376"
            ],
            "markers": "python_version >= '3.7'",
            "version": "==4.2.0"
        }
    },
    "develop": {
        "bandit": {
            "hashes": [
                "sha256:2d63a8c573417bae338962d4b9b06fbc6080f74ecd955a092849e1e65c717bd2",
                "sha256:412d3f259dab4077d0e7f0c11f50f650cc7d10db905d98f6520a95a18049658a"
            ],
            "index": "pypi",
            "version": "==1.7.4"
        },
        "gitdb": {
            "hashes": [
                "sha256:8033ad4e853066ba6ca92050b9df2f89301b8fc8bf7e9324d412a63f8bf1a8fd",
                "sha256:bac2fd45c0a1c9cf619e63a90d62bdc63892ef92387424b855792a6cabe789aa"
            ],
            "markers": "python_version >= '3.6'",
            "version": "==4.0.9"
        },
        "gitpython": {
            "hashes": [
                "sha256:1c885ce809e8ba2d88a29befeb385fcea06338d3640712b59ca623c220bb5704",
                "sha256:5b68b000463593e05ff2b261acff0ff0972df8ab1b70d3cdbd41b546c8b8fc3d"
            ],
            "markers": "python_version >= '3.7'",
            "version": "==3.1.27"
        },
        "pbr": {
            "hashes": [
                "sha256:e547125940bcc052856ded43be8e101f63828c2d94239ffbe2b327ba3d5ccf0a",
                "sha256:e8dca2f4b43560edef58813969f52a56cef023146cbb8931626db80e6c1c4308"
            ],
            "markers": "python_version >= '2.6'",
            "version": "==5.9.0"
        },
        "pyyaml": {
            "hashes": [
                "sha256:0283c35a6a9fbf047493e3a0ce8d79ef5030852c51e9d911a27badfde0605293",
                "sha256:055d937d65826939cb044fc8c9b08889e8c743fdc6a32b33e2390f66013e449b",
                "sha256:07751360502caac1c067a8132d150cf3d61339af5691fe9e87803040dbc5db57",
                "sha256:0b4624f379dab24d3725ffde76559cff63d9ec94e1736b556dacdfebe5ab6d4b",
                "sha256:0ce82d761c532fe4ec3f87fc45688bdd3a4c1dc5e0b4a19814b9009a29baefd4",
                "sha256:1e4747bc279b4f613a09eb64bba2ba602d8a6664c6ce6396a4d0cd413a50ce07",
                "sha256:213c60cd50106436cc818accf5baa1aba61c0189ff610f64f4a3e8c6726218ba",
                "sha256:231710d57adfd809ef5d34183b8ed1eeae3f76459c18fb4a0b373ad56bedcdd9",
                "sha256:277a0ef2981ca40581a47093e9e2d13b3f1fbbeffae064c1d21bfceba2030287",
                "sha256:2cd5df3de48857ed0544b34e2d40e9fac445930039f3cfe4bcc592a1f836d513",
                "sha256:40527857252b61eacd1d9af500c3337ba8deb8fc298940291486c465c8b46ec0",
                "sha256:473f9edb243cb1935ab5a084eb238d842fb8f404ed2193a915d1784b5a6b5fc0",
                "sha256:48c346915c114f5fdb3ead70312bd042a953a8ce5c7106d5bfb1a5254e47da92",
                "sha256:50602afada6d6cbfad699b0c7bb50d5ccffa7e46a3d738092afddc1f9758427f",
                "sha256:68fb519c14306fec9720a2a5b45bc9f0c8d1b9c72adf45c37baedfcd949c35a2",
                "sha256:77f396e6ef4c73fdc33a9157446466f1cff553d979bd00ecb64385760c6babdc",
                "sha256:819b3830a1543db06c4d4b865e70ded25be52a2e0631ccd2f6a47a2822f2fd7c",
                "sha256:897b80890765f037df3403d22bab41627ca8811ae55e9a722fd0392850ec4d86",
                "sha256:98c4d36e99714e55cfbaaee6dd5badbc9a1ec339ebfc3b1f52e293aee6bb71a4",
                "sha256:9df7ed3b3d2e0ecfe09e14741b857df43adb5a3ddadc919a2d94fbdf78fea53c",
                "sha256:9fa600030013c4de8165339db93d182b9431076eb98eb40ee068700c9c813e34",
                "sha256:a80a78046a72361de73f8f395f1f1e49f956c6be882eed58505a15f3e430962b",
                "sha256:b3d267842bf12586ba6c734f89d1f5b871df0273157918b0ccefa29deb05c21c",
                "sha256:b5b9eccad747aabaaffbc6064800670f0c297e52c12754eb1d976c57e4f74dcb",
                "sha256:c5687b8d43cf58545ade1fe3e055f70eac7a5a1a0bf42824308d868289a95737",
                "sha256:cba8c411ef271aa037d7357a2bc8f9ee8b58b9965831d9e51baf703280dc73d3",
                "sha256:d15a181d1ecd0d4270dc32edb46f7cb7733c7c508857278d3d378d14d606db2d",
                "sha256:d4db7c7aef085872ef65a8fd7d6d09a14ae91f691dec3e87ee5ee0539d516f53",
                "sha256:d4eccecf9adf6fbcc6861a38015c2a64f38b9d94838ac1810a9023a0609e1b78",
                "sha256:d67d839ede4ed1b28a4e8909735fc992a923cdb84e618544973d7dfc71540803",
                "sha256:daf496c58a8c52083df09b80c860005194014c3698698d1a57cbcfa182142a3a",
                "sha256:e61ceaab6f49fb8bdfaa0f92c4b57bcfbea54c09277b1b4f7ac376bfb7a7c174",
                "sha256:f84fbc98b019fef2ee9a1cb3ce93e3187a6df0b2538a651bfb890254ba9f90b5"
            ],
            "markers": "python_version >= '3.6'",
            "version": "==6.0"
        },
        "smmap": {
            "hashes": [
                "sha256:2aba19d6a040e78d8b09de5c57e96207b09ed71d8e55ce0959eeee6c8e190d94",
                "sha256:c840e62059cd3be204b0c9c9f74be2c09d5648eddd4580d9314c3ecde0b30936"
            ],
            "markers": "python_version >= '3.6'",
            "version": "==5.0.0"
        },
        "stevedore": {
            "hashes": [
                "sha256:a547de73308fd7e90075bb4d301405bebf705292fa90a90fc3bcf9133f58616c",
                "sha256:f40253887d8712eaa2bb0ea3830374416736dc8ec0e22f5a65092c1174c44335"
            ],
            "markers": "python_version >= '3.6'",
            "version": "==3.5.0"
        }
    }
}
